{
  "version": "5",
  "specifiers": {
    "npm:@cloudflare/workers-types@5": "5.20260925.1"
  },
  "npm": {
    "@cloudflare/workers-types@5.20260925.1": {
      "integrity": "sha512-E/Z3J8CzyNk0sinBu8g/1HjMCViSxG1kd/ARL8nzieSEdqtYZmgdnhlXbi95xyc3oetTwBR/r604/EuwuP6cnQ=="
    }
  },
  "workspace": {
    "dependencies": [
      "npm:@cloudflare/workers-types@5"
    ]
  }
}
