{
  "version": "5",
  "specifiers": {
    "npm:@cloudflare/workers-types@5": "5.20260910.1"
  },
  "npm": {
    "@cloudflare/workers-types@5.20260910.1": {
      "integrity": "sha512-heMipAW1SEPWaXCcleaxGMOEpvq/F4UKdc02Gb3xiLx1La5mE6VPFGBmOTGMt7kn+qX4L8D2WsYCfmrC4kKxLw=="
    }
  },
  "workspace": {
    "dependencies": [
      "npm:@cloudflare/workers-types@5"
    ]
  }
}
